
Microsoft Visual Studio Solution File, Format Version 12.00
# Visual Studio Version 17
VisualStudioVersion = 17.0.32112.339
MinimumVisualStudioVersion = 10.0.40219.1
Project("{9A19103F-16F7-4668-BE54-9A1E7A4F7556}") = "CsvProcessor", "CsvProcessor.csproj", "{E66F4116-F4FB-4C01-A125-49DA061E821A}"
EndProject
Global
	GlobalSection(SolutionConfigurationPlatforms) = preSolution
		Debug|Any CPU = Debug|Any CPU
		Release|Any CPU = Release|Any CPU
	EndGlobalSection
	GlobalSection(ProjectConfigurationPlatforms) = postSolution
		{E66F4116-F4FB-4C01-A125-49DA061E821A}.Debug|Any CPU.ActiveCfg = Debug|Any CPU
		{E66F4116-F4FB-4C01-A125-49DA061E821A}.Debug|Any CPU.Build.0 = Debug|Any CPU
		{E66F4116-F4FB-4C01-A125-49DA061E821A}.Release|Any CPU.ActiveCfg = Release|Any CPU
		{E66F4116-F4FB-4C01-A125-49DA061E821A}.Release|Any CPU.Build.0 = Release|Any CPU
	EndGlobalSection
	GlobalSection(SolutionProperties) = preSolution
		HideSolutionNode = FALSE
	EndGlobalSection
	GlobalSection(ExtensibilityGlobals) = postSolution
		SolutionGuid = {5FC2CA81-52B2-433A-A2BC-B45B1B0816E4}
	EndGlobalSection
EndGlobal
